
Microsoft Visual Studio Solution File, Format Version 12.00
# Visual Studio Version 17
VisualStudioVersion = 17.10.35122.118
MinimumVisualStudioVersion = 10.0.40219.1
Project("{8BC9CEB8-8B4A-11D0-8D11-00A0C91BC942}") = "test10.15", "test10.15\test10.15.vcxproj", "{BC0C0FF2-2FC3-41D0-82B0-2232ED1DFE5E}"
EndProject
Global
	GlobalSection(SolutionConfigurationPlatforms) = preSolution
		Debug|x64 = Debug|x64
		Debug|x86 = Debug|x86
		Release|x64 = Release|x64
		Release|x86 = Release|x86
	EndGlobalSection
	GlobalSection(ProjectConfigurationPlatforms) = postSolution
		{BC0C0FF2-2FC3-41D0-82B0-2232ED1DFE5E}.Debug|x64.ActiveCfg = Debug|x64
		{BC0C0FF2-2FC3-41D0-82B0-2232ED1DFE5E}.Debug|x64.Build.0 = Debug|x64
		{BC0C0FF2-2FC3-41D0-82B0-2232ED1DFE5E}.Debug|x86.ActiveCfg = Debug|Win32
		{BC0C0FF2-2FC3-41D0-82B0-2232ED1DFE5E}.Debug|x86.Build.0 = Debug|Win32
		{BC0C0FF2-2FC3-41D0-82B0-2232ED1DFE5E}.Release|x64.ActiveCfg = Release|x64
		{BC0C0FF2-2FC3-41D0-82B0-2232ED1DFE5E}.Release|x64.Build.0 = Release|x64
		{BC0C0FF2-2FC3-41D0-82B0-2232ED1DFE5E}.Release|x86.ActiveCfg = Release|Win32
		{BC0C0FF2-2FC3-41D0-82B0-2232ED1DFE5E}.Release|x86.Build.0 = Release|Win32
	EndGlobalSection
	GlobalSection(SolutionProperties) = preSolution
		HideSolutionNode = FALSE
	EndGlobalSection
	GlobalSection(ExtensibilityGlobals) = postSolution
		SolutionGuid = {E36830C5-F2D2-497B-9971-66E00F1D3A59}
	EndGlobalSection
EndGlobal
